
Microsoft Visual Studio Solution File, Format Version 12.00
# Visual Studio Version 17
VisualStudioVersion = 17.9.34902.65
MinimumVisualStudioVersion = 10.0.40219.1
Project("{F184B08F-C81C-45F6-A57F-5ABD9991F28F}") = "FileProcessorDLL", "FileProcessorDLL\FileProcessorDLL.vbproj", "{E91972CE-2766-46DA-A82B-A45151C449D4}"
EndProject
Global
	GlobalSection(SolutionConfigurationPlatforms) = preSolution
		Debug|Any CPU = Debug|Any CPU
		Release|Any CPU = Release|Any CPU
	EndGlobalSection
	GlobalSection(ProjectConfigurationPlatforms) = postSolution
		{E91972CE-2766-46DA-A82B-A45151C449D4}.Debug|Any CPU.ActiveCfg = Debug|Any CPU
		{E91972CE-2766-46DA-A82B-A45151C449D4}.Debug|Any CPU.Build.0 = Debug|Any CPU
		{E91972CE-2766-46DA-A82B-A45151C449D4}.Release|Any CPU.ActiveCfg = Release|Any CPU
		{E91972CE-2766-46DA-A82B-A45151C449D4}.Release|Any CPU.Build.0 = Release|Any CPU
	EndGlobalSection
	GlobalSection(SolutionProperties) = preSolution
		HideSolutionNode = FALSE
	EndGlobalSection
	GlobalSection(ExtensibilityGlobals) = postSolution
		SolutionGuid = {9636EC26-DFA5-4F10-8182-2C9C4834B319}
	EndGlobalSection
EndGlobal
